// !$*UTF8*$!
{
	archiveVersion = 1;
	classes = {
	};
	objectVersion = 46;
	objects = {

/* Begin PBXBuildFile section */
		BB23BFAC1DDC88C700827827 /* AppDelegate.swift in Sources */ = {isa = PBXBuildFile; fileRef = BB23BFAB1DDC88C700827827 /* AppDelegate.swift */; };
		BB23BFAE1DDC88C700827827 /* ViewController.swift in Sources */ = {isa = PBXBuildFile; fileRef = BB23BFAD1DDC88C700827827 /* ViewController.swift */; };
		BB23BFB11DDC88C700827827 /* Main.storyboard in Resources */ = {isa = PBXBuildFile; fileRef = BB23BFAF1DDC88C700827827 /* Main.storyboard */; };
		BB23BFB31DDC88C700827827 /* Assets.xcassets in Resources */ = {isa = PBXBuildFile; fileRef = BB23BFB21DDC88C700827827 /* Assets.xcassets */; };
		BB23BFB61DDC88C700827827 /* LaunchScreen.storyboard in Resources */ = {isa = PBXBuildFile; fileRef = BB23BFB41DDC88C700827827 /* LaunchScreen.storyboard */; };
		BB23BFC11DDC88C700827827 /* TestApp_DataDownloaderTests.swift in Sources */ = {isa = PBXBuildFile; fileRef = BB23BFC01DDC88C700827827 /* TestApp_DataDownloaderTests.swift */; };
		BB23BFCC1DDC88C700827827 /* TestApp_DataDownloaderUITests.swift in Sources */ = {isa = PBXBuildFile; fileRef = BB23BFCB1DDC88C700827827 /* TestApp_DataDownloaderUITests.swift */; };
		BB293DB91DDEF30100FEA021 /* MainViewController.swift in Sources */ = {isa = PBXBuildFile; fileRef = BB293DB81DDEF30100FEA021 /* MainViewController.swift */; };
		BB293DBC1DDEFE9200FEA021 /* StringUtility.swift in Sources */ = {isa = PBXBuildFile; fileRef = BB293DBB1DDEFE9200FEA021 /* StringUtility.swift */; };
		BB293DBE1DDF011100FEA021 /* HttpDownloader.swift in Sources */ = {isa = PBXBuildFile; fileRef = BB293DBD1DDF011100FEA021 /* HttpDownloader.swift */; };
		BB293DC31DDF091F00FEA021 /* GumtreeProcessorEngine.swift in Sources */ = {isa = PBXBuildFile; fileRef = BB293DC21DDF091F00FEA021 /* GumtreeProcessorEngine.swift */; };
		BB293DC51DDF0F9100FEA021 /* GumtreeHighlightModel.swift in Sources */ = {isa = PBXBuildFile; fileRef = BB293DC41DDF0F9100FEA021 /* GumtreeHighlightModel.swift */; };
		BB49C0D21DE44D73001D8C9E /* ExampleTableViewController.swift in Sources */ = {isa = PBXBuildFile; fileRef = BB49C0D11DE44D73001D8C9E /* ExampleTableViewController.swift */; };
		BB49C0D51DE461F1001D8C9E /* GumtreeHighlightModelExtension.swift in Sources */ = {isa = PBXBuildFile; fileRef = BB49C0D41DE461F1001D8C9E /* GumtreeHighlightModelExtension.swift */; };
		BB49C0D71DE4885D001D8C9E /* StringExtensions.swift in Sources */ = {isa = PBXBuildFile; fileRef = BB49C0D61DE4885D001D8C9E /* StringExtensions.swift */; };
		BB53B74A1DEDA99B004ADBDC /* FilterFlyoutViewController.swift in Sources */ = {isa = PBXBuildFile; fileRef = BB53B7491DEDA99B004ADBDC /* FilterFlyoutViewController.swift */; };
		BB63C17A1DEC77410091698A /* CollectionUtils.swift in Sources */ = {isa = PBXBuildFile; fileRef = BB63C1791DEC77410091698A /* CollectionUtils.swift */; };
		BB6BFF301DDDD6380089E336 /* PassedTextViewController.swift in Sources */ = {isa = PBXBuildFile; fileRef = BB6BFF2F1DDDD6380089E336 /* PassedTextViewController.swift */; };
		BBA7A3B81DE5AD96005F1377 /* CellSelectableTextView.swift in Sources */ = {isa = PBXBuildFile; fileRef = BBA7A3B71DE5AD96005F1377 /* CellSelectableTextView.swift */; };
		BBA7A3BA1DE5B8A6005F1377 /* IHTMLDownloader.swift in Sources */ = {isa = PBXBuildFile; fileRef = BBA7A3B91DE5B8A6005F1377 /* IHTMLDownloader.swift */; };
		BBA7A3BC1DE5C0ED005F1377 /* GumtreeOfferProcessorEngine.swift in Sources */ = {isa = PBXBuildFile; fileRef = BBA7A3BB1DE5C0ED005F1377 /* GumtreeOfferProcessorEngine.swift */; };
		BBA7A3BE1DE5C12F005F1377 /* GumtreeConfig.swift in Sources */ = {isa = PBXBuildFile; fileRef = BBA7A3BD1DE5C12F005F1377 /* GumtreeConfig.swift */; };
		BBA7A3C01DE5C365005F1377 /* GumtreeOfferModel.swift in Sources */ = {isa = PBXBuildFile; fileRef = BBA7A3BF1DE5C365005F1377 /* GumtreeOfferModel.swift */; };
		BBA7A3C21DE5C95F005F1377 /* HighlightImagePreviewController.swift in Sources */ = {isa = PBXBuildFile; fileRef = BBA7A3C11DE5C95F005F1377 /* HighlightImagePreviewController.swift */; };
		BBB34D5A1DE721A7003D6E09 /* GumtreeURLBuilder.swift in Sources */ = {isa = PBXBuildFile; fileRef = BBB34D591DE721A7003D6E09 /* GumtreeURLBuilder.swift */; };
		BBB34D5C1DE721C9003D6E09 /* GumtreeFilterData.swift in Sources */ = {isa = PBXBuildFile; fileRef = BBB34D5B1DE721C9003D6E09 /* GumtreeFilterData.swift */; };
		BBB972E21DE5EB88003CD8F4 /* SinglePhotoFullScreenViewController.swift in Sources */ = {isa = PBXBuildFile; fileRef = BBB972E11DE5EB88003CD8F4 /* SinglePhotoFullScreenViewController.swift */; };
		E37F7B31A7001C8D17D56AF8 /* Pods_TestApp_DataDownloader.framework in Frameworks */ = {isa = PBXBuildFile; fileRef = C9367FCA3C116E7C449F8896 /* Pods_TestApp_DataDownloader.framework */; };
/* End PBXBuildFile section */

/* Begin PBXContainerItemProxy section */
		BB23BFBD1DDC88C700827827 /* PBXContainerItemProxy */ = {
			isa = PBXContainerItemProxy;
			containerPortal = BB23BFA01DDC88C600827827 /* Project object */;
			proxyType = 1;
			remoteGlobalIDString = BB23BFA71DDC88C600827827;
			remoteInfo = TestApp_DataDownloader;
		};
		BB23BFC81DDC88C700827827 /* PBXContainerItemProxy */ = {
			isa = PBXContainerItemProxy;
			containerPortal = BB23BFA01DDC88C600827827 /* Project object */;
			proxyType = 1;
			remoteGlobalIDString = BB23BFA71DDC88C600827827;
			remoteInfo = TestApp_DataDownloader;
		};
/* End PBXContainerItemProxy section */

/* Begin PBXFileReference section */
		0067128FF58AC0D53F5B76E7 /* Pods-TestApp_DataDownloader.debug.xcconfig */ = {isa = PBXFileReference; includeInIndex = 1; lastKnownFileType = text.xcconfig; name = "Pods-TestApp_DataDownloader.debug.xcconfig"; path = "Pods/Target Support Files/Pods-TestApp_DataDownloader/Pods-TestApp_DataDownloader.debug.xcconfig"; sourceTree = "<group>"; };
		8AA132B4B0F3EBE08F84CBD0 /* Pods-TestApp_DataDownloader.release.xcconfig */ = {isa = PBXFileReference; includeInIndex = 1; lastKnownFileType = text.xcconfig; name = "Pods-TestApp_DataDownloader.release.xcconfig"; path = "Pods/Target Support Files/Pods-TestApp_DataDownloader/Pods-TestApp_DataDownloader.release.xcconfig"; sourceTree = "<group>"; };
		BB23BFA81DDC88C700827827 /* TestApp_DataDownloader.app */ = {isa = PBXFileReference; explicitFileType = wrapper.application; includeInIndex = 0; path = TestApp_DataDownloader.app; sourceTree = BUILT_PRODUCTS_DIR; };
		BB23BFAB1DDC88C700827827 /* AppDelegate.swift */ = {isa = PBXFileReference; lastKnownFileType = sourcecode.swift; path = AppDelegate.swift; sourceTree = "<group>"; };
		BB23BFAD1DDC88C700827827 /* ViewController.swift */ = {isa = PBXFileReference; lastKnownFileType = sourcecode.swift; path = ViewController.swift; sourceTree = "<group>"; };
		BB23BFB01DDC88C700827827 /* Base */ = {isa = PBXFileReference; lastKnownFileType = file.storyboard; name = Base; path = Base.lproj/Main.storyboard; sourceTree = "<group>"; };
		BB23BFB21DDC88C700827827 /* Assets.xcassets */ = {isa = PBXFileReference; lastKnownFileType = folder.assetcatalog; path = Assets.xcassets; sourceTree = "<group>"; };
		BB23BFB51DDC88C700827827 /* Base */ = {isa = PBXFileReference; lastKnownFileType = file.storyboard; name = Base; path = Base.lproj/LaunchScreen.storyboard; sourceTree = "<group>"; };
		BB23BFB71DDC88C700827827 /* Info.plist */ = {isa = PBXFileReference; lastKnownFileType = text.plist.xml; path = Info.plist; sourceTree = "<group>"; };
		BB23BFBC1DDC88C700827827 /* TestApp_DataDownloaderTests.xctest */ = {isa = PBXFileReference; explicitFileType = wrapper.cfbundle; includeInIndex = 0; path = TestApp_DataDownloaderTests.xctest; sourceTree = BUILT_PRODUCTS_DIR; };
		BB23BFC01DDC88C700827827 /* TestApp_DataDownloaderTests.swift */ = {isa = PBXFileReference; lastKnownFileType = sourcecode.swift; path = TestApp_DataDownloaderTests.swift; sourceTree = "<group>"; };
		BB23BFC21DDC88C700827827 /* Info.plist */ = {isa = PBXFileReference; lastKnownFileType = text.plist.xml; path = Info.plist; sourceTree = "<group>"; };
		BB23BFC71DDC88C700827827 /* TestApp_DataDownloaderUITests.xctest */ = {isa = PBXFileReference; explicitFileType = wrapper.cfbundle; includeInIndex = 0; path = TestApp_DataDownloaderUITests.xctest; sourceTree = BUILT_PRODUCTS_DIR; };
		BB23BFCB1DDC88C700827827 /* TestApp_DataDownloaderUITests.swift */ = {isa = PBXFileReference; lastKnownFileType = sourcecode.swift; path = TestApp_DataDownloaderUITests.swift; sourceTree = "<group>"; };
		BB23BFCD1DDC88C700827827 /* Info.plist */ = {isa = PBXFileReference; lastKnownFileType = text.plist.xml; path = Info.plist; sourceTree = "<group>"; };
		BB293DB81DDEF30100FEA021 /* MainViewController.swift */ = {isa = PBXFileReference; fileEncoding = 4; lastKnownFileType = sourcecode.swift; name = MainViewController.swift; path = ../MainViewController.swift; sourceTree = "<group>"; wrapsLines = 1; };
		BB293DBB1DDEFE9200FEA021 /* StringUtility.swift */ = {isa = PBXFileReference; fileEncoding = 4; lastKnownFileType = sourcecode.swift; path = StringUtility.swift; sourceTree = "<group>"; };
		BB293DBD1DDF011100FEA021 /* HttpDownloader.swift */ = {isa = PBXFileReference; fileEncoding = 4; lastKnownFileType = sourcecode.swift; path = HttpDownloader.swift; sourceTree = "<group>"; };
		BB293DC21DDF091F00FEA021 /* GumtreeProcessorEngine.swift */ = {isa = PBXFileReference; fileEncoding = 4; lastKnownFileType = sourcecode.swift; path = GumtreeProcessorEngine.swift; sourceTree = "<group>"; };
		BB293DC41DDF0F9100FEA021 /* GumtreeHighlightModel.swift */ = {isa = PBXFileReference; fileEncoding = 4; lastKnownFileType = sourcecode.swift; path = GumtreeHighlightModel.swift; sourceTree = "<group>"; };
		BB49C0D11DE44D73001D8C9E /* ExampleTableViewController.swift */ = {isa = PBXFileReference; fileEncoding = 4; lastKnownFileType = sourcecode.swift; path = ExampleTableViewController.swift; sourceTree = "<group>"; };
		BB49C0D41DE461F1001D8C9E /* GumtreeHighlightModelExtension.swift */ = {isa = PBXFileReference; fileEncoding = 4; lastKnownFileType = sourcecode.swift; path = GumtreeHighlightModelExtension.swift; sourceTree = "<group>"; };
		BB49C0D61DE4885D001D8C9E /* StringExtensions.swift */ = {isa = PBXFileReference; fileEncoding = 4; lastKnownFileType = sourcecode.swift; path = StringExtensions.swift; sourceTree = "<group>"; };
		BB53B7491DEDA99B004ADBDC /* FilterFlyoutViewController.swift */ = {isa = PBXFileReference; fileEncoding = 4; lastKnownFileType = sourcecode.swift; path = FilterFlyoutViewController.swift; sourceTree = "<group>"; };
		BB63C1791DEC77410091698A /* CollectionUtils.swift */ = {isa = PBXFileReference; fileEncoding = 4; lastKnownFileType = sourcecode.swift; path = CollectionUtils.swift; sourceTree = "<group>"; };
		BB6BFF2F1DDDD6380089E336 /* PassedTextViewController.swift */ = {isa = PBXFileReference; fileEncoding = 4; lastKnownFileType = sourcecode.swift; path = PassedTextViewController.swift; sourceTree = "<group>"; };
		BBA7A3B71DE5AD96005F1377 /* CellSelectableTextView.swift */ = {isa = PBXFileReference; fileEncoding = 4; lastKnownFileType = sourcecode.swift; path = CellSelectableTextView.swift; sourceTree = "<group>"; };
		BBA7A3B91DE5B8A6005F1377 /* IHTMLDownloader.swift */ = {isa = PBXFileReference; fileEncoding = 4; lastKnownFileType = sourcecode.swift; path = IHTMLDownloader.swift; sourceTree = "<group>"; };
		BBA7A3BB1DE5C0ED005F1377 /* GumtreeOfferProcessorEngine.swift */ = {isa = PBXFileReference; fileEncoding = 4; lastKnownFileType = sourcecode.swift; path = GumtreeOfferProcessorEngine.swift; sourceTree = "<group>"; };
		BBA7A3BD1DE5C12F005F1377 /* GumtreeConfig.swift */ = {isa = PBXFileReference; fileEncoding = 4; lastKnownFileType = sourcecode.swift; path = GumtreeConfig.swift; sourceTree = "<group>"; };
		BBA7A3BF1DE5C365005F1377 /* GumtreeOfferModel.swift */ = {isa = PBXFileReference; fileEncoding = 4; lastKnownFileType = sourcecode.swift; path = GumtreeOfferModel.swift; sourceTree = "<group>"; };
		BBA7A3C11DE5C95F005F1377 /* HighlightImagePreviewController.swift */ = {isa = PBXFileReference; fileEncoding = 4; lastKnownFileType = sourcecode.swift; path = HighlightImagePreviewController.swift; sourceTree = "<group>"; };
		BBB34D591DE721A7003D6E09 /* GumtreeURLBuilder.swift */ = {isa = PBXFileReference; fileEncoding = 4; lastKnownFileType = sourcecode.swift; path = GumtreeURLBuilder.swift; sourceTree = "<group>"; };
		BBB34D5B1DE721C9003D6E09 /* GumtreeFilterData.swift */ = {isa = PBXFileReference; fileEncoding = 4; lastKnownFileType = sourcecode.swift; path = GumtreeFilterData.swift; sourceTree = "<group>"; };
		BBB972E11DE5EB88003CD8F4 /* SinglePhotoFullScreenViewController.swift */ = {isa = PBXFileReference; fileEncoding = 4; lastKnownFileType = sourcecode.swift; path = SinglePhotoFullScreenViewController.swift; sourceTree = "<group>"; };
		C9367FCA3C116E7C449F8896 /* Pods_TestApp_DataDownloader.framework */ = {isa = PBXFileReference; explicitFileType = wrapper.framework; includeInIndex = 0; path = Pods_TestApp_DataDownloader.framework; sourceTree = BUILT_PRODUCTS_DIR; };
/* End PBXFileReference section */

/* Begin PBXFrameworksBuildPhase section */
		BB23BFA51DDC88C600827827 /* Frameworks */ = {
			isa = PBXFrameworksBuildPhase;
			buildActionMask = 2147483647;
			files = (
				E37F7B31A7001C8D17D56AF8 /* Pods_TestApp_DataDownloader.framework in Frameworks */,
			);
			runOnlyForDeploymentPostprocessing = 0;
		};
		BB23BFB91DDC88C700827827 /* Frameworks */ = {
			isa = PBXFrameworksBuildPhase;
			buildActionMask = 2147483647;
			files = (
			);
			runOnlyForDeploymentPostprocessing = 0;
		};
		BB23BFC41DDC88C700827827 /* Frameworks */ = {
			isa = PBXFrameworksBuildPhase;
			buildActionMask = 2147483647;
			files = (
			);
			runOnlyForDeploymentPostprocessing = 0;
		};
/* End PBXFrameworksBuildPhase section */

/* Begin PBXGroup section */
		9D9F8561FF23794BFCCE4861 /* Frameworks */ = {
			isa = PBXGroup;
			children = (
				C9367FCA3C116E7C449F8896 /* Pods_TestApp_DataDownloader.framework */,
			);
			name = Frameworks;
			sourceTree = "<group>";
		};
		BB23BF9F1DDC88C600827827 = {
			isa = PBXGroup;
			children = (
				BB23BFAA1DDC88C700827827 /* TestApp_DataDownloader */,
				BB23BFBF1DDC88C700827827 /* TestApp_DataDownloaderTests */,
				BB23BFCA1DDC88C700827827 /* TestApp_DataDownloaderUITests */,
				BB23BFA91DDC88C700827827 /* Products */,
				D890C939A777FF0EBE50F78A /* Pods */,
				9D9F8561FF23794BFCCE4861 /* Frameworks */,
			);
			sourceTree = "<group>";
		};
		BB23BFA91DDC88C700827827 /* Products */ = {
			isa = PBXGroup;
			children = (
				BB23BFA81DDC88C700827827 /* TestApp_DataDownloader.app */,
				BB23BFBC1DDC88C700827827 /* TestApp_DataDownloaderTests.xctest */,
				BB23BFC71DDC88C700827827 /* TestApp_DataDownloaderUITests.xctest */,
			);
			name = Products;
			sourceTree = "<group>";
		};
		BB23BFAA1DDC88C700827827 /* TestApp_DataDownloader */ = {
			isa = PBXGroup;
			children = (
				BB49C0D31DE461D2001D8C9E /* Extensions */,
				BB293DC11DDF08B700FEA021 /* Model */,
				BB293DC01DDF08AD00FEA021 /* ViewController */,
				BB293DBF1DDF089E00FEA021 /* Controller */,
				BB293DBA1DDEFE8000FEA021 /* Utilities */,
				BB293DB81DDEF30100FEA021 /* MainViewController.swift */,
				BB23BFAB1DDC88C700827827 /* AppDelegate.swift */,
				BB23BFAD1DDC88C700827827 /* ViewController.swift */,
				BB23BFAF1DDC88C700827827 /* Main.storyboard */,
				BB23BFB21DDC88C700827827 /* Assets.xcassets */,
				BB23BFB41DDC88C700827827 /* LaunchScreen.storyboard */,
				BB23BFB71DDC88C700827827 /* Info.plist */,
				BB6BFF2F1DDDD6380089E336 /* PassedTextViewController.swift */,
			);
			path = TestApp_DataDownloader;
			sourceTree = "<group>";
		};
		BB23BFBF1DDC88C700827827 /* TestApp_DataDownloaderTests */ = {
			isa = PBXGroup;
			children = (
				BB23BFC01DDC88C700827827 /* TestApp_DataDownloaderTests.swift */,
				BB23BFC21DDC88C700827827 /* Info.plist */,
			);
			path = TestApp_DataDownloaderTests;
			sourceTree = "<group>";
		};
		BB23BFCA1DDC88C700827827 /* TestApp_DataDownloaderUITests */ = {
			isa = PBXGroup;
			children = (
				BB23BFCB1DDC88C700827827 /* TestApp_DataDownloaderUITests.swift */,
				BB23BFCD1DDC88C700827827 /* Info.plist */,
			);
			path = TestApp_DataDownloaderUITests;
			sourceTree = "<group>";
		};
		BB293DBA1DDEFE8000FEA021 /* Utilities */ = {
			isa = PBXGroup;
			children = (
				BB293DBB1DDEFE9200FEA021 /* StringUtility.swift */,
				BB293DBD1DDF011100FEA021 /* HttpDownloader.swift */,
				BB63C1791DEC77410091698A /* CollectionUtils.swift */,
			);
			name = Utilities;
			sourceTree = "<group>";
		};
		BB293DBF1DDF089E00FEA021 /* Controller */ = {
			isa = PBXGroup;
			children = (
				BB293DC21DDF091F00FEA021 /* GumtreeProcessorEngine.swift */,
				BBA7A3B91DE5B8A6005F1377 /* IHTMLDownloader.swift */,
				BBA7A3BB1DE5C0ED005F1377 /* GumtreeOfferProcessorEngine.swift */,
				BBA7A3BD1DE5C12F005F1377 /* GumtreeConfig.swift */,
				BBB34D591DE721A7003D6E09 /* GumtreeURLBuilder.swift */,
			);
			name = Controller;
			sourceTree = "<group>";
		};
		BB293DC01DDF08AD00FEA021 /* ViewController */ = {
			isa = PBXGroup;
			children = (
				BB49C0D11DE44D73001D8C9E /* ExampleTableViewController.swift */,
				BBA7A3B71DE5AD96005F1377 /* CellSelectableTextView.swift */,
				BBA7A3C11DE5C95F005F1377 /* HighlightImagePreviewController.swift */,
				BBB972E11DE5EB88003CD8F4 /* SinglePhotoFullScreenViewController.swift */,
				BB53B7491DEDA99B004ADBDC /* FilterFlyoutViewController.swift */,
			);
			name = ViewController;
			sourceTree = "<group>";
		};
		BB293DC11DDF08B700FEA021 /* Model */ = {
			isa = PBXGroup;
			children = (
				BB293DC41DDF0F9100FEA021 /* GumtreeHighlightModel.swift */,
				BBA7A3BF1DE5C365005F1377 /* GumtreeOfferModel.swift */,
				BBB34D5B1DE721C9003D6E09 /* GumtreeFilterData.swift */,
			);
			name = Model;
			sourceTree = "<group>";
		};
		BB49C0D31DE461D2001D8C9E /* Extensions */ = {
			isa = PBXGroup;
			children = (
				BB49C0D41DE461F1001D8C9E /* GumtreeHighlightModelExtension.swift */,
				BB49C0D61DE4885D001D8C9E /* StringExtensions.swift */,
			);
			name = Extensions;
			sourceTree = "<group>";
		};
		D890C939A777FF0EBE50F78A /* Pods */ = {
			isa = PBXGroup;
			children = (
				0067128FF58AC0D53F5B76E7 /* Pods-TestApp_DataDownloader.debug.xcconfig */,
				8AA132B4B0F3EBE08F84CBD0 /* Pods-TestApp_DataDownloader.release.xcconfig */,
			);
			name = Pods;
			sourceTree = "<group>";
		};
/* End PBXGroup section */

/* Begin PBXNativeTarget section */
		BB23BFA71DDC88C600827827 /* TestApp_DataDownloader */ = {
			isa = PBXNativeTarget;
			buildConfigurationList = BB23BFD01DDC88C700827827 /* Build configuration list for PBXNativeTarget "TestApp_DataDownloader" */;
			buildPhases = (
				D4D8228980FE7734785B1522 /* [CP] Check Pods Manifest.lock */,
				BB23BFA41DDC88C600827827 /* Sources */,
				BB23BFA51DDC88C600827827 /* Frameworks */,
				BB23BFA61DDC88C600827827 /* Resources */,
				8EF16084D55BC660F6E099FE /* [CP] Embed Pods Frameworks */,
				51607CFBE921A33D766E2DAA /* [CP] Copy Pods Resources */,
			);
			buildRules = (
			);
			dependencies = (
			);
			name = TestApp_DataDownloader;
			productName = TestApp_DataDownloader;
			productReference = BB23BFA81DDC88C700827827 /* TestApp_DataDownloader.app */;
			productType = "com.apple.product-type.application";
		};
		BB23BFBB1DDC88C700827827 /* TestApp_DataDownloaderTests */ = {
			isa = PBXNativeTarget;
			buildConfigurationList = BB23BFD31DDC88C700827827 /* Build configuration list for PBXNativeTarget "TestApp_DataDownloaderTests" */;
			buildPhases = (
				BB23BFB81DDC88C700827827 /* Sources */,
				BB23BFB91DDC88C700827827 /* Frameworks */,
				BB23BFBA1DDC88C700827827 /* Resources */,
			);
			buildRules = (
			);
			dependencies = (
				BB23BFBE1DDC88C700827827 /* PBXTargetDependency */,
			);
			name = TestApp_DataDownloaderTests;
			productName = TestApp_DataDownloaderTests;
			productReference = BB23BFBC1DDC88C700827827 /* TestApp_DataDownloaderTests.xctest */;
			productType = "com.apple.product-type.bundle.unit-test";
		};
		BB23BFC61DDC88C700827827 /* TestApp_DataDownloaderUITests */ = {
			isa = PBXNativeTarget;
			buildConfigurationList = BB23BFD61DDC88C700827827 /* Build configuration list for PBXNativeTarget "TestApp_DataDownloaderUITests" */;
			buildPhases = (
				BB23BFC31DDC88C700827827 /* Sources */,
				BB23BFC41DDC88C700827827 /* Frameworks */,
				BB23BFC51DDC88C700827827 /* Resources */,
			);
			buildRules = (
			);
			dependencies = (
				BB23BFC91DDC88C700827827 /* PBXTargetDependency */,
			);
			name = TestApp_DataDownloaderUITests;
			productName = TestApp_DataDownloaderUITests;
			productReference = BB23BFC71DDC88C700827827 /* TestApp_DataDownloaderUITests.xctest */;
			productType = "com.apple.product-type.bundle.ui-testing";
		};
/* End PBXNativeTarget section */

/* Begin PBXProject section */
		BB23BFA01DDC88C600827827 /* Project object */ = {
			isa = PBXProject;
			attributes = {
				LastSwiftUpdateCheck = 0810;
				LastUpgradeCheck = 0810;
				ORGANIZATIONNAME = "Piotr Kożuch";
				TargetAttributes = {
					BB23BFA71DDC88C600827827 = {
						CreatedOnToolsVersion = 8.1;
						ProvisioningStyle = Automatic;
					};
					BB23BFBB1DDC88C700827827 = {
						CreatedOnToolsVersion = 8.1;
						ProvisioningStyle = Automatic;
						TestTargetID = BB23BFA71DDC88C600827827;
					};
					BB23BFC61DDC88C700827827 = {
						CreatedOnToolsVersion = 8.1;
						ProvisioningStyle = Automatic;
						TestTargetID = BB23BFA71DDC88C600827827;
					};
				};
			};
			buildConfigurationList = BB23BFA31DDC88C600827827 /* Build configuration list for PBXProject "TestApp_DataDownloader" */;
			compatibilityVersion = "Xcode 3.2";
			developmentRegion = English;
			hasScannedForEncodings = 0;
			knownRegions = (
				en,
				Base,
			);
			mainGroup = BB23BF9F1DDC88C600827827;
			productRefGroup = BB23BFA91DDC88C700827827 /* Products */;
			projectDirPath = "";
			projectRoot = "";
			targets = (
				BB23BFA71DDC88C600827827 /* TestApp_DataDownloader */,
				BB23BFBB1DDC88C700827827 /* TestApp_DataDownloaderTests */,
				BB23BFC61DDC88C700827827 /* TestApp_DataDownloaderUITests */,
			);
		};
/* End PBXProject section */

/* Begin PBXResourcesBuildPhase section */
		BB23BFA61DDC88C600827827 /* Resources */ = {
			isa = PBXResourcesBuildPhase;
			buildActionMask = 2147483647;
			files = (
				BB23BFB61DDC88C700827827 /* LaunchScreen.storyboard in Resources */,
				BB23BFB31DDC88C700827827 /* Assets.xcassets in Resources */,
				BB23BFB11DDC88C700827827 /* Main.storyboard in Resources */,
			);
			runOnlyForDeploymentPostprocessing = 0;
		};
		BB23BFBA1DDC88C700827827 /* Resources */ = {
			isa = PBXResourcesBuildPhase;
			buildActionMask = 2147483647;
			files = (
			);
			runOnlyForDeploymentPostprocessing = 0;
		};
		BB23BFC51DDC88C700827827 /* Resources */ = {
			isa = PBXResourcesBuildPhase;
			buildActionMask = 2147483647;
			files = (
			);
			runOnlyForDeploymentPostprocessing = 0;
		};
/* End PBXResourcesBuildPhase section */

/* Begin PBXShellScriptBuildPhase section */
		51607CFBE921A33D766E2DAA /* [CP] Copy Pods Resources */ = {
			isa = PBXShellScriptBuildPhase;
			buildActionMask = 2147483647;
			files = (
			);
			inputPaths = (
			);
			name = "[CP] Copy Pods Resources";
			outputPaths = (
			);
			runOnlyForDeploymentPostprocessing = 0;
			shellPath = /bin/sh;
			shellScript = "\"${SRCROOT}/Pods/Target Support Files/Pods-TestApp_DataDownloader/Pods-TestApp_DataDownloader-resources.sh\"\n";
			showEnvVarsInLog = 0;
		};
		8EF16084D55BC660F6E099FE /* [CP] Embed Pods Frameworks */ = {
			isa = PBXShellScriptBuildPhase;
			buildActionMask = 2147483647;
			files = (
			);
			inputPaths = (
			);
			name = "[CP] Embed Pods Frameworks";
			outputPaths = (
			);
			runOnlyForDeploymentPostprocessing = 0;
			shellPath = /bin/sh;
			shellScript = "\"${SRCROOT}/Pods/Target Support Files/Pods-TestApp_DataDownloader/Pods-TestApp_DataDownloader-frameworks.sh\"\n";
			showEnvVarsInLog = 0;
		};
		D4D8228980FE7734785B1522 /* [CP] Check Pods Manifest.lock */ = {
			isa = PBXShellScriptBuildPhase;
			buildActionMask = 2147483647;
			files = (
			);
			inputPaths = (
			);
			name = "[CP] Check Pods Manifest.lock";
			outputPaths = (
			);
			runOnlyForDeploymentPostprocessing = 0;
			shellPath = /bin/sh;
			shellScript = "diff \"${PODS_ROOT}/../Podfile.lock\" \"${PODS_ROOT}/Manifest.lock\" > /dev/null\nif [ $? != 0 ] ; then\n    # print error to STDERR\n    echo \"error: The sandbox is not in sync with the Podfile.lock. Run 'pod install' or update your CocoaPods installation.\" >&2\n    exit 1\nfi\n";
			showEnvVarsInLog = 0;
		};
/* End PBXShellScriptBuildPhase section */

/* Begin PBXSourcesBuildPhase section */
		BB23BFA41DDC88C600827827 /* Sources */ = {
			isa = PBXSourcesBuildPhase;
			buildActionMask = 2147483647;
			files = (
				BBA7A3BE1DE5C12F005F1377 /* GumtreeConfig.swift in Sources */,
				BB49C0D51DE461F1001D8C9E /* GumtreeHighlightModelExtension.swift in Sources */,
				BB293DC51DDF0F9100FEA021 /* GumtreeHighlightModel.swift in Sources */,
				BB293DC31DDF091F00FEA021 /* GumtreeProcessorEngine.swift in Sources */,
				BB63C17A1DEC77410091698A /* CollectionUtils.swift in Sources */,
				BB23BFAE1DDC88C700827827 /* ViewController.swift in Sources */,
				BB6BFF301DDDD6380089E336 /* PassedTextViewController.swift in Sources */,
				BB23BFAC1DDC88C700827827 /* AppDelegate.swift in Sources */,
				BBB34D5C1DE721C9003D6E09 /* GumtreeFilterData.swift in Sources */,
				BB49C0D71DE4885D001D8C9E /* StringExtensions.swift in Sources */,
				BBA7A3BC1DE5C0ED005F1377 /* GumtreeOfferProcessorEngine.swift in Sources */,
				BBA7A3C21DE5C95F005F1377 /* HighlightImagePreviewController.swift in Sources */,
				BBB972E21DE5EB88003CD8F4 /* SinglePhotoFullScreenViewController.swift in Sources */,
				BBA7A3BA1DE5B8A6005F1377 /* IHTMLDownloader.swift in Sources */,
				BB293DBC1DDEFE9200FEA021 /* StringUtility.swift in Sources */,
				BB49C0D21DE44D73001D8C9E /* ExampleTableViewController.swift in Sources */,
				BB53B74A1DEDA99B004ADBDC /* FilterFlyoutViewController.swift in Sources */,
				BBB34D5A1DE721A7003D6E09 /* GumtreeURLBuilder.swift in Sources */,
				BB293DBE1DDF011100FEA021 /* HttpDownloader.swift in Sources */,
				BB293DB91DDEF30100FEA021 /* MainViewController.swift in Sources */,
				BBA7A3C01DE5C365005F1377 /* GumtreeOfferModel.swift in Sources */,
				BBA7A3B81DE5AD96005F1377 /* CellSelectableTextView.swift in Sources */,
			);
			runOnlyForDeploymentPostprocessing = 0;
		};
		BB23BFB81DDC88C700827827 /* Sources */ = {
			isa = PBXSourcesBuildPhase;
			buildActionMask = 2147483647;
			files = (
				BB23BFC11DDC88C700827827 /* TestApp_DataDownloaderTests.swift in Sources */,
			);
			runOnlyForDeploymentPostprocessing = 0;
		};
		BB23BFC31DDC88C700827827 /* Sources */ = {
			isa = PBXSourcesBuildPhase;
			buildActionMask = 2147483647;
			files = (
				BB23BFCC1DDC88C700827827 /* TestApp_DataDownloaderUITests.swift in Sources */,
			);
			runOnlyForDeploymentPostprocessing = 0;
		};
/* End PBXSourcesBuildPhase section */

/* Begin PBXTargetDependency section */
		BB23BFBE1DDC88C700827827 /* PBXTargetDependency */ = {
			isa = PBXTargetDependency;
			target = BB23BFA71DDC88C600827827 /* TestApp_DataDownloader */;
			targetProxy = BB23BFBD1DDC88C700827827 /* PBXContainerItemProxy */;
		};
		BB23BFC91DDC88C700827827 /* PBXTargetDependency */ = {
			isa = PBXTargetDependency;
			target = BB23BFA71DDC88C600827827 /* TestApp_DataDownloader */;
			targetProxy = BB23BFC81DDC88C700827827 /* PBXContainerItemProxy */;
		};
/* End PBXTargetDependency section */

/* Begin PBXVariantGroup section */
		BB23BFAF1DDC88C700827827 /* Main.storyboard */ = {
			isa = PBXVariantGroup;
			children = (
				BB23BFB01DDC88C700827827 /* Base */,
			);
			name = Main.storyboard;
			sourceTree = "<group>";
		};
		BB23BFB41DDC88C700827827 /* LaunchScreen.storyboard */ = {
			isa = PBXVariantGroup;
			children = (
				BB23BFB51DDC88C700827827 /* Base */,
			);
			name = LaunchScreen.storyboard;
			sourceTree = "<group>";
		};
/* End PBXVariantGroup section */

/* Begin XCBuildConfiguration section */
		BB23BFCE1DDC88C700827827 /* Debug */ = {
			isa = XCBuildConfiguration;
			buildSettings = {
				ALWAYS_SEARCH_USER_PATHS = NO;
				CLANG_ANALYZER_NONNULL = YES;
				CLANG_CXX_LANGUAGE_STANDARD = "gnu++0x";
				CLANG_CXX_LIBRARY = "libc++";
				CLANG_ENABLE_MODULES = YES;
				CLANG_ENABLE_OBJC_ARC = YES;
				CLANG_WARN_BOOL_CONVERSION = YES;
				CLANG_WARN_CONSTANT_CONVERSION = YES;
				CLANG_WARN_DIRECT_OBJC_ISA_USAGE = YES_ERROR;
				CLANG_WARN_DOCUMENTATION_COMMENTS = YES;
				CLANG_WARN_EMPTY_BODY = YES;
				CLANG_WARN_ENUM_CONVERSION = YES;
				CLANG_WARN_INFINITE_RECURSION = YES;
				CLANG_WARN_INT_CONVERSION = YES;
				CLANG_WARN_OBJC_ROOT_CLASS = YES_ERROR;
				CLANG_WARN_SUSPICIOUS_MOVE = YES;
				CLANG_WARN_SUSPICIOUS_MOVES = YES;
				CLANG_WARN_UNREACHABLE_CODE = YES;
				CLANG_WARN__DUPLICATE_METHOD_MATCH = YES;
				"CODE_SIGN_IDENTITY[sdk=iphoneos*]" = "iPhone Developer";
				COPY_PHASE_STRIP = NO;
				DEBUG_INFORMATION_FORMAT = dwarf;
				ENABLE_STRICT_OBJC_MSGSEND = YES;
				ENABLE_TESTABILITY = YES;
				GCC_C_LANGUAGE_STANDARD = gnu99;
				GCC_DYNAMIC_NO_PIC = NO;
				GCC_NO_COMMON_BLOCKS = YES;
				GCC_OPTIMIZATION_LEVEL = 0;
				GCC_PREPROCESSOR_DEFINITIONS = (
					"DEBUG=1",
					"$(inherited)",
				);
				GCC_WARN_64_TO_32_BIT_CONVERSION = YES;
				GCC_WARN_ABOUT_RETURN_TYPE = YES_ERROR;
				GCC_WARN_UNDECLARED_SELECTOR = YES;
				GCC_WARN_UNINITIALIZED_AUTOS = YES_AGGRESSIVE;
				GCC_WARN_UNUSED_FUNCTION = YES;
				GCC_WARN_UNUSED_VARIABLE = YES;
				IPHONEOS_DEPLOYMENT_TARGET = 10.1;
				MTL_ENABLE_DEBUG_INFO = YES;
				ONLY_ACTIVE_ARCH = YES;
				SDKROOT = iphoneos;
				SWIFT_ACTIVE_COMPILATION_CONDITIONS = DEBUG;
				SWIFT_OPTIMIZATION_LEVEL = "-Onone";
				TARGETED_DEVICE_FAMILY = "1,2";
			};
			name = Debug;
		};
		BB23BFCF1DDC88C700827827 /* Release */ = {
			isa = XCBuildConfiguration;
			buildSettings = {
				ALWAYS_SEARCH_USER_PATHS = NO;
				CLANG_ANALYZER_NONNULL = YES;
				CLANG_CXX_LANGUAGE_STANDARD = "gnu++0x";
				CLANG_CXX_LIBRARY = "libc++";
				CLANG_ENABLE_MODULES = YES;
				CLANG_ENABLE_OBJC_ARC = YES;
				CLANG_WARN_BOOL_CONVERSION = YES;
				CLANG_WARN_CONSTANT_CONVERSION = YES;
				CLANG_WARN_DIRECT_OBJC_ISA_USAGE = YES_ERROR;
				CLANG_WARN_DOCUMENTATION_COMMENTS = YES;
				CLANG_WARN_EMPTY_BODY = YES;
				CLANG_WARN_ENUM_CONVERSION = YES;
				CLANG_WARN_INFINITE_RECURSION = YES;
				CLANG_WARN_INT_CONVERSION = YES;
				CLANG_WARN_OBJC_ROOT_CLASS = YES_ERROR;
				CLANG_WARN_SUSPICIOUS_MOVE = YES;
				CLANG_WARN_SUSPICIOUS_MOVES = YES;
				CLANG_WARN_UNREACHABLE_CODE = YES;
				CLANG_WARN__DUPLICATE_METHOD_MATCH = YES;
				"CODE_SIGN_IDENTITY[sdk=iphoneos*]" = "iPhone Developer";
				COPY_PHASE_STRIP = NO;
				DEBUG_INFORMATION_FORMAT = "dwarf-with-dsym";
				ENABLE_NS_ASSERTIONS = NO;
				ENABLE_STRICT_OBJC_MSGSEND = YES;
				GCC_C_LANGUAGE_STANDARD = gnu99;
				GCC_NO_COMMON_BLOCKS = YES;
				GCC_WARN_64_TO_32_BIT_CONVERSION = YES;
				GCC_WARN_ABOUT_RETURN_TYPE = YES_ERROR;
				GCC_WARN_UNDECLARED_SELECTOR = YES;
				GCC_WARN_UNINITIALIZED_AUTOS = YES_AGGRESSIVE;
				GCC_WARN_UNUSED_FUNCTION = YES;
				GCC_WARN_UNUSED_VARIABLE = YES;
				IPHONEOS_DEPLOYMENT_TARGET = 10.1;
				MTL_ENABLE_DEBUG_INFO = NO;
				SDKROOT = iphoneos;
				SWIFT_OPTIMIZATION_LEVEL = "-Owholemodule";
				TARGETED_DEVICE_FAMILY = "1,2";
				VALIDATE_PRODUCT = YES;
			};
			name = Release;
		};
		BB23BFD11DDC88C700827827 /* Debug */ = {
			isa = XCBuildConfiguration;
			baseConfigurationReference = 0067128FF58AC0D53F5B76E7 /* Pods-TestApp_DataDownloader.debug.xcconfig */;
			buildSettings = {
				ALWAYS_EMBED_SWIFT_STANDARD_LIBRARIES = YES;
				ASSETCATALOG_COMPILER_APPICON_NAME = AppIcon;
				INFOPLIST_FILE = TestApp_DataDownloader/Info.plist;
				LD_RUNPATH_SEARCH_PATHS = "$(inherited) @executable_path/Frameworks";
				PRODUCT_BUNDLE_IDENTIFIER = "pl.xtend.TestApp-DataDownloader";
				PRODUCT_NAME = "$(TARGET_NAME)";
				SWIFT_VERSION = 3.0;
			};
			name = Debug;
		};
		BB23BFD21DDC88C700827827 /* Release */ = {
			isa = XCBuildConfiguration;
			baseConfigurationReference = 8AA132B4B0F3EBE08F84CBD0 /* Pods-TestApp_DataDownloader.release.xcconfig */;
			buildSettings = {
				ALWAYS_EMBED_SWIFT_STANDARD_LIBRARIES = YES;
				ASSETCATALOG_COMPILER_APPICON_NAME = AppIcon;
				INFOPLIST_FILE = TestApp_DataDownloader/Info.plist;
				LD_RUNPATH_SEARCH_PATHS = "$(inherited) @executable_path/Frameworks";
				PRODUCT_BUNDLE_IDENTIFIER = "pl.xtend.TestApp-DataDownloader";
				PRODUCT_NAME = "$(TARGET_NAME)";
				SWIFT_VERSION = 3.0;
			};
			name = Release;
		};
		BB23BFD41DDC88C700827827 /* Debug */ = {
			isa = XCBuildConfiguration;
			buildSettings = {
				ALWAYS_EMBED_SWIFT_STANDARD_LIBRARIES = YES;
				BUNDLE_LOADER = "$(TEST_HOST)";
				INFOPLIST_FILE = TestApp_DataDownloaderTests/Info.plist;
				LD_RUNPATH_SEARCH_PATHS = "$(inherited) @executable_path/Frameworks @loader_path/Frameworks";
				PRODUCT_BUNDLE_IDENTIFIER = "pl.xtend.TestApp-DataDownloaderTests";
				PRODUCT_NAME = "$(TARGET_NAME)";
				SWIFT_VERSION = 3.0;
				TEST_HOST = "$(BUILT_PRODUCTS_DIR)/TestApp_DataDownloader.app/TestApp_DataDownloader";
			};
			name = Debug;
		};
		BB23BFD51DDC88C700827827 /* Release */ = {
			isa = XCBuildConfiguration;
			buildSettings = {
				ALWAYS_EMBED_SWIFT_STANDARD_LIBRARIES = YES;
				BUNDLE_LOADER = "$(TEST_HOST)";
				INFOPLIST_FILE = TestApp_DataDownloaderTests/Info.plist;
				LD_RUNPATH_SEARCH_PATHS = "$(inherited) @executable_path/Frameworks @loader_path/Frameworks";
				PRODUCT_BUNDLE_IDENTIFIER = "pl.xtend.TestApp-DataDownloaderTests";
				PRODUCT_NAME = "$(TARGET_NAME)";
				SWIFT_VERSION = 3.0;
				TEST_HOST = "$(BUILT_PRODUCTS_DIR)/TestApp_DataDownloader.app/TestApp_DataDownloader";
			};
			name = Release;
		};
		BB23BFD71DDC88C700827827 /* Debug */ = {
			isa = XCBuildConfiguration;
			buildSettings = {
				ALWAYS_EMBED_SWIFT_STANDARD_LIBRARIES = YES;
				INFOPLIST_FILE = TestApp_DataDownloaderUITests/Info.plist;
				LD_RUNPATH_SEARCH_PATHS = "$(inherited) @executable_path/Frameworks @loader_path/Frameworks";
				PRODUCT_BUNDLE_IDENTIFIER = "pl.xtend.TestApp-DataDownloaderUITests";
				PRODUCT_NAME = "$(TARGET_NAME)";
				SWIFT_VERSION = 3.0;
				TEST_TARGET_NAME = TestApp_DataDownloader;
			};
			name = Debug;
		};
		BB23BFD81DDC88C700827827 /* Release */ = {
			isa = XCBuildConfiguration;
			buildSettings = {
				ALWAYS_EMBED_SWIFT_STANDARD_LIBRARIES = YES;
				INFOPLIST_FILE = TestApp_DataDownloaderUITests/Info.plist;
				LD_RUNPATH_SEARCH_PATHS = "$(inherited) @executable_path/Frameworks @loader_path/Frameworks";
				PRODUCT_BUNDLE_IDENTIFIER = "pl.xtend.TestApp-DataDownloaderUITests";
				PRODUCT_NAME = "$(TARGET_NAME)";
				SWIFT_VERSION = 3.0;
				TEST_TARGET_NAME = TestApp_DataDownloader;
			};
			name = Release;
		};
/* End XCBuildConfiguration section */

/* Begin XCConfigurationList section */
		BB23BFA31DDC88C600827827 /* Build configuration list for PBXProject "TestApp_DataDownloader" */ = {
			isa = XCConfigurationList;
			buildConfigurations = (
				BB23BFCE1DDC88C700827827 /* Debug */,
				BB23BFCF1DDC88C700827827 /* Release */,
			);
			defaultConfigurationIsVisible = 0;
			defaultConfigurationName = Release;
		};
		BB23BFD01DDC88C700827827 /* Build configuration list for PBXNativeTarget "TestApp_DataDownloader" */ = {
			isa = XCConfigurationList;
			buildConfigurations = (
				BB23BFD11DDC88C700827827 /* Debug */,
				BB23BFD21DDC88C700827827 /* Release */,
			);
			defaultConfigurationIsVisible = 0;
			defaultConfigurationName = Release;
		};
		BB23BFD31DDC88C700827827 /* Build configuration list for PBXNativeTarget "TestApp_DataDownloaderTests" */ = {
			isa = XCConfigurationList;
			buildConfigurations = (
				BB23BFD41DDC88C700827827 /* Debug */,
				BB23BFD51DDC88C700827827 /* Release */,
			);
			defaultConfigurationIsVisible = 0;
			defaultConfigurationName = Release;
		};
		BB23BFD61DDC88C700827827 /* Build configuration list for PBXNativeTarget "TestApp_DataDownloaderUITests" */ = {
			isa = XCConfigurationList;
			buildConfigurations = (
				BB23BFD71DDC88C700827827 /* Debug */,
				BB23BFD81DDC88C700827827 /* Release */,
			);
			defaultConfigurationIsVisible = 0;
			defaultConfigurationName = Release;
		};
/* End XCConfigurationList section */
	};
	rootObject = BB23BFA01DDC88C600827827 /* Project object */;
}
